
Microsoft Visual Studio Solution File, Format Version 12.00
# Visual Studio 15
VisualStudioVersion = 15.0.28307.1022
MinimumVisualStudioVersion = 10.0.40219.1
Project("{2150E333-8FDC-42A3-9474-1A3956D46DE8}") = "DataTypes", "DataTypes", "{24A6F40F-9D4C-426A-A9A8-F9A45757F56A}"
EndProject
Project("{FAE04EC0-301F-11D3-BF4B-00C04F79EFBC}") = "IntegeNumbersPractice", "IntegeNumbersPractice\IntegeNumbersPractice.csproj", "{8722D73A-1209-4427-9055-886779D0CB5A}"
EndProject
Project("{FAE04EC0-301F-11D3-BF4B-00C04F79EFBC}") = "FloatingNumbersParctice", "FloatingNumbersParctice\FloatingNumbersParctice.csproj", "{017DDA74-254E-4406-BCBE-BA2825562F26}"
EndProject
Project("{FAE04EC0-301F-11D3-BF4B-00C04F79EFBC}") = "ExchangeVariableVlaue", "ExchangeVariableVlaue\ExchangeVariableVlaue.csproj", "{7BC4995A-594F-425D-B03F-3B677E9F3588}"
EndProject
Project("{FAE04EC0-301F-11D3-BF4B-00C04F79EFBC}") = "FloatOrInteger", "FloatOrInteger\FloatOrInteger.csproj", "{DB190A2E-CE92-4E0B-884D-522200B68F93}"
EndProject
Project("{FAE04EC0-301F-11D3-BF4B-00C04F79EFBC}") = "DistanceTheStars", "DistanceTheStars\DistanceTheStars.csproj", "{0356DBB3-8FAA-494A-902B-48FB83ACBF79}"
EndProject
Project("{FAE04EC0-301F-11D3-BF4B-00C04F79EFBC}") = "IncrementVariable", "IncrementVariable\IncrementVariable.csproj", "{CDEDB493-444C-4481-B531-E98FB6580444}"
EndProject
Project("{FAE04EC0-301F-11D3-BF4B-00C04F79EFBC}") = "FromTerabytesToBits", "FromTerabytesToBits\FromTerabytesToBits.csproj", "{602A3ECC-B17C-4E4C-AE4F-2CE785F03ED3}"
EndProject
Project("{FAE04EC0-301F-11D3-BF4B-00C04F79EFBC}") = "TravelingAtLightSpeed", "TravelingAtLightSpeed\TravelingAtLightSpeed.csproj", "{D8937D64-A111-4804-8361-CBF97B300A3A}"
EndProject
Project("{FAE04EC0-301F-11D3-BF4B-00C04F79EFBC}") = "TriangleFormations", "TriangleFormations\TriangleFormations.csproj", "{7FE52BE3-336A-49EA-B5F2-DADFE5617A08}"
EndProject
Project("{FAE04EC0-301F-11D3-BF4B-00C04F79EFBC}") = "DataOverflow", "DataOverflow\DataOverflow.csproj", "{8C3702C0-ECF0-444C-9F93-74D98C7FCA58}"
EndProject
Project("{FAE04EC0-301F-11D3-BF4B-00C04F79EFBC}") = "PracticeCharactertrings", "PracticeCharactertrings\PracticeCharactertrings.csproj", "{93CA0F1E-9ADC-4C83-A39A-F4D20E40663B}"
EndProject
Project("{FAE04EC0-301F-11D3-BF4B-00C04F79EFBC}") = "VariableInHexadecimal", "VariableInHexadecimal\VariableInHexadecimal.csproj", "{719547C8-AB38-4B28-82A2-E82C7DF98C16}"
EndProject
Global
	GlobalSection(SolutionConfigurationPlatforms) = preSolution
		Debug|Any CPU = Debug|Any CPU
		Release|Any CPU = Release|Any CPU
	EndGlobalSection
	GlobalSection(ProjectConfigurationPlatforms) = postSolution
		{8722D73A-1209-4427-9055-886779D0CB5A}.Debug|Any CPU.ActiveCfg = Debug|Any CPU
		{8722D73A-1209-4427-9055-886779D0CB5A}.Debug|Any CPU.Build.0 = Debug|Any CPU
		{8722D73A-1209-4427-9055-886779D0CB5A}.Release|Any CPU.ActiveCfg = Release|Any CPU
		{8722D73A-1209-4427-9055-886779D0CB5A}.Release|Any CPU.Build.0 = Release|Any CPU
		{017DDA74-254E-4406-BCBE-BA2825562F26}.Debug|Any CPU.ActiveCfg = Debug|Any CPU
		{017DDA74-254E-4406-BCBE-BA2825562F26}.Debug|Any CPU.Build.0 = Debug|Any CPU
		{017DDA74-254E-4406-BCBE-BA2825562F26}.Release|Any CPU.ActiveCfg = Release|Any CPU
		{017DDA74-254E-4406-BCBE-BA2825562F26}.Release|Any CPU.Build.0 = Release|Any CPU
		{7BC4995A-594F-425D-B03F-3B677E9F3588}.Debug|Any CPU.ActiveCfg = Debug|Any CPU
		{7BC4995A-594F-425D-B03F-3B677E9F3588}.Debug|Any CPU.Build.0 = Debug|Any CPU
		{7BC4995A-594F-425D-B03F-3B677E9F3588}.Release|Any CPU.ActiveCfg = Release|Any CPU
		{7BC4995A-594F-425D-B03F-3B677E9F3588}.Release|Any CPU.Build.0 = Release|Any CPU
		{DB190A2E-CE92-4E0B-884D-522200B68F93}.Debug|Any CPU.ActiveCfg = Debug|Any CPU
		{DB190A2E-CE92-4E0B-884D-522200B68F93}.Debug|Any CPU.Build.0 = Debug|Any CPU
		{DB190A2E-CE92-4E0B-884D-522200B68F93}.Release|Any CPU.ActiveCfg = Release|Any CPU
		{DB190A2E-CE92-4E0B-884D-522200B68F93}.Release|Any CPU.Build.0 = Release|Any CPU
		{0356DBB3-8FAA-494A-902B-48FB83ACBF79}.Debug|Any CPU.ActiveCfg = Debug|Any CPU
		{0356DBB3-8FAA-494A-902B-48FB83ACBF79}.Debug|Any CPU.Build.0 = Debug|Any CPU
		{0356DBB3-8FAA-494A-902B-48FB83ACBF79}.Release|Any CPU.ActiveCfg = Release|Any CPU
		{0356DBB3-8FAA-494A-902B-48FB83ACBF79}.Release|Any CPU.Build.0 = Release|Any CPU
		{CDEDB493-444C-4481-B531-E98FB6580444}.Debug|Any CPU.ActiveCfg = Debug|Any CPU
		{CDEDB493-444C-4481-B531-E98FB6580444}.Debug|Any CPU.Build.0 = Debug|Any CPU
		{CDEDB493-444C-4481-B531-E98FB6580444}.Release|Any CPU.ActiveCfg = Release|Any CPU
		{CDEDB493-444C-4481-B531-E98FB6580444}.Release|Any CPU.Build.0 = Release|Any CPU
		{602A3ECC-B17C-4E4C-AE4F-2CE785F03ED3}.Debug|Any CPU.ActiveCfg = Debug|Any CPU
		{602A3ECC-B17C-4E4C-AE4F-2CE785F03ED3}.Debug|Any CPU.Build.0 = Debug|Any CPU
		{602A3ECC-B17C-4E4C-AE4F-2CE785F03ED3}.Release|Any CPU.ActiveCfg = Release|Any CPU
		{602A3ECC-B17C-4E4C-AE4F-2CE785F03ED3}.Release|Any CPU.Build.0 = Release|Any CPU
		{D8937D64-A111-4804-8361-CBF97B300A3A}.Debug|Any CPU.ActiveCfg = Debug|Any CPU
		{D8937D64-A111-4804-8361-CBF97B300A3A}.Debug|Any CPU.Build.0 = Debug|Any CPU
		{D8937D64-A111-4804-8361-CBF97B300A3A}.Release|Any CPU.ActiveCfg = Release|Any CPU
		{D8937D64-A111-4804-8361-CBF97B300A3A}.Release|Any CPU.Build.0 = Release|Any CPU
		{7FE52BE3-336A-49EA-B5F2-DADFE5617A08}.Debug|Any CPU.ActiveCfg = Debug|Any CPU
		{7FE52BE3-336A-49EA-B5F2-DADFE5617A08}.Debug|Any CPU.Build.0 = Debug|Any CPU
		{7FE52BE3-336A-49EA-B5F2-DADFE5617A08}.Release|Any CPU.ActiveCfg = Release|Any CPU
		{7FE52BE3-336A-49EA-B5F2-DADFE5617A08}.Release|Any CPU.Build.0 = Release|Any CPU
		{8C3702C0-ECF0-444C-9F93-74D98C7FCA58}.Debug|Any CPU.ActiveCfg = Debug|Any CPU
		{8C3702C0-ECF0-444C-9F93-74D98C7FCA58}.Debug|Any CPU.Build.0 = Debug|Any CPU
		{8C3702C0-ECF0-444C-9F93-74D98C7FCA58}.Release|Any CPU.ActiveCfg = Release|Any CPU
		{8C3702C0-ECF0-444C-9F93-74D98C7FCA58}.Release|Any CPU.Build.0 = Release|Any CPU
		{93CA0F1E-9ADC-4C83-A39A-F4D20E40663B}.Debug|Any CPU.ActiveCfg = Debug|Any CPU
		{93CA0F1E-9ADC-4C83-A39A-F4D20E40663B}.Debug|Any CPU.Build.0 = Debug|Any CPU
		{93CA0F1E-9ADC-4C83-A39A-F4D20E40663B}.Release|Any CPU.ActiveCfg = Release|Any CPU
		{93CA0F1E-9ADC-4C83-A39A-F4D20E40663B}.Release|Any CPU.Build.0 = Release|Any CPU
		{719547C8-AB38-4B28-82A2-E82C7DF98C16}.Debug|Any CPU.ActiveCfg = Debug|Any CPU
		{719547C8-AB38-4B28-82A2-E82C7DF98C16}.Debug|Any CPU.Build.0 = Debug|Any CPU
		{719547C8-AB38-4B28-82A2-E82C7DF98C16}.Release|Any CPU.ActiveCfg = Release|Any CPU
		{719547C8-AB38-4B28-82A2-E82C7DF98C16}.Release|Any CPU.Build.0 = Release|Any CPU
	EndGlobalSection
	GlobalSection(SolutionProperties) = preSolution
		HideSolutionNode = FALSE
	EndGlobalSection
	GlobalSection(NestedProjects) = preSolution
		{8722D73A-1209-4427-9055-886779D0CB5A} = {24A6F40F-9D4C-426A-A9A8-F9A45757F56A}
		{017DDA74-254E-4406-BCBE-BA2825562F26} = {24A6F40F-9D4C-426A-A9A8-F9A45757F56A}
		{7BC4995A-594F-425D-B03F-3B677E9F3588} = {24A6F40F-9D4C-426A-A9A8-F9A45757F56A}
		{DB190A2E-CE92-4E0B-884D-522200B68F93} = {24A6F40F-9D4C-426A-A9A8-F9A45757F56A}
		{0356DBB3-8FAA-494A-902B-48FB83ACBF79} = {24A6F40F-9D4C-426A-A9A8-F9A45757F56A}
		{CDEDB493-444C-4481-B531-E98FB6580444} = {24A6F40F-9D4C-426A-A9A8-F9A45757F56A}
		{602A3ECC-B17C-4E4C-AE4F-2CE785F03ED3} = {24A6F40F-9D4C-426A-A9A8-F9A45757F56A}
		{D8937D64-A111-4804-8361-CBF97B300A3A} = {24A6F40F-9D4C-426A-A9A8-F9A45757F56A}
		{7FE52BE3-336A-49EA-B5F2-DADFE5617A08} = {24A6F40F-9D4C-426A-A9A8-F9A45757F56A}
		{8C3702C0-ECF0-444C-9F93-74D98C7FCA58} = {24A6F40F-9D4C-426A-A9A8-F9A45757F56A}
		{93CA0F1E-9ADC-4C83-A39A-F4D20E40663B} = {24A6F40F-9D4C-426A-A9A8-F9A45757F56A}
		{719547C8-AB38-4B28-82A2-E82C7DF98C16} = {24A6F40F-9D4C-426A-A9A8-F9A45757F56A}
	EndGlobalSection
	GlobalSection(ExtensibilityGlobals) = postSolution
		SolutionGuid = {3008E994-66F7-4B0E-B437-031C9EADDD83}
	EndGlobalSection
EndGlobal
